
Microsoft Visual Studio Solution File, Format Version 12.00
# Visual Studio Version 17
VisualStudioVersion = 17.8.34525.116
MinimumVisualStudioVersion = 10.0.40219.1
Project("{FAE04EC0-301F-11D3-BF4B-00C04F79EFBC}") = "Lista_1_ex_6.1", "Lista_1_ex_6.1\Lista_1_ex_6.1.csproj", "{804B1C17-D632-49CE-9876-D8E0327D9313}"
EndProject
Global
	GlobalSection(SolutionConfigurationPlatforms) = preSolution
		Debug|Any CPU = Debug|Any CPU
		Release|Any CPU = Release|Any CPU
	EndGlobalSection
	GlobalSection(ProjectConfigurationPlatforms) = postSolution
		{804B1C17-D632-49CE-9876-D8E0327D9313}.Debug|Any CPU.ActiveCfg = Debug|Any CPU
		{804B1C17-D632-49CE-9876-D8E0327D9313}.Debug|Any CPU.Build.0 = Debug|Any CPU
		{804B1C17-D632-49CE-9876-D8E0327D9313}.Release|Any CPU.ActiveCfg = Release|Any CPU
		{804B1C17-D632-49CE-9876-D8E0327D9313}.Release|Any CPU.Build.0 = Release|Any CPU
	EndGlobalSection
	GlobalSection(SolutionProperties) = preSolution
		HideSolutionNode = FALSE
	EndGlobalSection
	GlobalSection(ExtensibilityGlobals) = postSolution
		SolutionGuid = {A86BE8A4-D3F2-4BF6-AD2E-672A6F0A6384}
	EndGlobalSection
EndGlobal
